
Microsoft Visual Studio Solution File, Format Version 12.00
# Visual Studio Version 17
VisualStudioVersion = 17.9.34622.214
MinimumVisualStudioVersion = 10.0.40219.1
Project("{FAE04EC0-301F-11D3-BF4B-00C04F79EFBC}") = "BudgetReport", "BudgetReport\BudgetReport.csproj", "{345AB5B9-3CC9-4BD0-ABAA-3CC842CB3A4F}"
EndProject
Global
	GlobalSection(SolutionConfigurationPlatforms) = preSolution
		Debug|Any CPU = Debug|Any CPU
		Release|Any CPU = Release|Any CPU
	EndGlobalSection
	GlobalSection(ProjectConfigurationPlatforms) = postSolution
		{345AB5B9-3CC9-4BD0-ABAA-3CC842CB3A4F}.Debug|Any CPU.ActiveCfg = Debug|Any CPU
		{345AB5B9-3CC9-4BD0-ABAA-3CC842CB3A4F}.Debug|Any CPU.Build.0 = Debug|Any CPU
		{345AB5B9-3CC9-4BD0-ABAA-3CC842CB3A4F}.Release|Any CPU.ActiveCfg = Release|Any CPU
		{345AB5B9-3CC9-4BD0-ABAA-3CC842CB3A4F}.Release|Any CPU.Build.0 = Release|Any CPU
	EndGlobalSection
	GlobalSection(SolutionProperties) = preSolution
		HideSolutionNode = FALSE
	EndGlobalSection
	GlobalSection(ExtensibilityGlobals) = postSolution
		SolutionGuid = {F2351B85-D8DC-4743-9FE3-7D511FC1A034}
	EndGlobalSection
EndGlobal
